// !$*UTF8*$!
{
	archiveVersion = 1;
	classes = {
	};
	objectVersion = 56;
	objects = {

/* Begin PBXBuildFile section */
		50F304E42CE85B43004CF92A /* AppDelegate.swift in Sources */ = {isa = PBXBuildFile; fileRef = 50F304E32CE85B43004CF92A /* AppDelegate.swift */; };
		50F304E62CE85B43004CF92A /* SceneDelegate.swift in Sources */ = {isa = PBXBuildFile; fileRef = 50F304E52CE85B43004CF92A /* SceneDelegate.swift */; };
		50F304E82CE85B43004CF92A /* ViewController.swift in Sources */ = {isa = PBXBuildFile; fileRef = 50F304E72CE85B43004CF92A /* ViewController.swift */; };
		50F304EB2CE85B43004CF92A /* Base in Resources */ = {isa = PBXBuildFile; fileRef = 50F304EA2CE85B43004CF92A /* Base */; };
		50F304ED2CE85B45004CF92A /* Assets.xcassets in Resources */ = {isa = PBXBuildFile; fileRef = 50F304EC2CE85B45004CF92A /* Assets.xcassets */; };
		50F304F02CE85B45004CF92A /* Base in Resources */ = {isa = PBXBuildFile; fileRef = 50F304EF2CE85B45004CF92A /* Base */; };
		50FA07A22CE8608D00586F91 /* HomeViewController.swift in Sources */ = {isa = PBXBuildFile; fileRef = 50FA07A12CE8608D00586F91 /* HomeViewController.swift */; };
		50FA07A62CE860BA00586F91 /* LoginViewController.swift in Sources */ = {isa = PBXBuildFile; fileRef = 50FA07A52CE860BA00586F91 /* LoginViewController.swift */; };
		50FA07A82CE860DC00586F91 /* LoginPresenter.swift in Sources */ = {isa = PBXBuildFile; fileRef = 50FA07A72CE860DC00586F91 /* LoginPresenter.swift */; };
		50FA07AA2CE860E800586F91 /* LoginRouter.swift in Sources */ = {isa = PBXBuildFile; fileRef = 50FA07A92CE860E800586F91 /* LoginRouter.swift */; };
		50FA07AC2CE860F600586F91 /* LoginConfiguration.swift in Sources */ = {isa = PBXBuildFile; fileRef = 50FA07AB2CE860F600586F91 /* LoginConfiguration.swift */; };
		50FA07B02CE8614500586F91 /* MovieViewController.swift in Sources */ = {isa = PBXBuildFile; fileRef = 50FA07AF2CE8614500586F91 /* MovieViewController.swift */; };
		50FA07B22CE8615700586F91 /* HomePresenter.swift in Sources */ = {isa = PBXBuildFile; fileRef = 50FA07B12CE8615700586F91 /* HomePresenter.swift */; };
		50FA07B42CE8616100586F91 /* HomeRouter.swift in Sources */ = {isa = PBXBuildFile; fileRef = 50FA07B32CE8616100586F91 /* HomeRouter.swift */; };
		50FA07B62CE8616F00586F91 /* HomeConfiguration.swift in Sources */ = {isa = PBXBuildFile; fileRef = 50FA07B52CE8616F00586F91 /* HomeConfiguration.swift */; };
		50FA07B82CE8617F00586F91 /* MovieConfiguration.swift in Sources */ = {isa = PBXBuildFile; fileRef = 50FA07B72CE8617F00586F91 /* MovieConfiguration.swift */; };
		50FA07BC2CE8619E00586F91 /* MovieRouter.swift in Sources */ = {isa = PBXBuildFile; fileRef = 50FA07BB2CE8619E00586F91 /* MovieRouter.swift */; };
		50FA07BE2CE861A800586F91 /* MoviePresenter.swift in Sources */ = {isa = PBXBuildFile; fileRef = 50FA07BD2CE861A800586F91 /* MoviePresenter.swift */; };
/* End PBXBuildFile section */

/* Begin PBXFileReference section */
		50F304E02CE85B43004CF92A /* Presentation.app */ = {isa = PBXFileReference; explicitFileType = wrapper.application; includeInIndex = 0; path = Presentation.app; sourceTree = BUILT_PRODUCTS_DIR; };
		50F304E32CE85B43004CF92A /* AppDelegate.swift */ = {isa = PBXFileReference; lastKnownFileType = sourcecode.swift; path = AppDelegate.swift; sourceTree = "<group>"; };
		50F304E52CE85B43004CF92A /* SceneDelegate.swift */ = {isa = PBXFileReference; lastKnownFileType = sourcecode.swift; path = SceneDelegate.swift; sourceTree = "<group>"; };
		50F304E72CE85B43004CF92A /* ViewController.swift */ = {isa = PBXFileReference; lastKnownFileType = sourcecode.swift; path = ViewController.swift; sourceTree = "<group>"; };
		50F304EA2CE85B43004CF92A /* Base */ = {isa = PBXFileReference; lastKnownFileType = file.storyboard; name = Base; path = Base.lproj/Main.storyboard; sourceTree = "<group>"; };
		50F304EC2CE85B45004CF92A /* Assets.xcassets */ = {isa = PBXFileReference; lastKnownFileType = folder.assetcatalog; path = Assets.xcassets; sourceTree = "<group>"; };
		50F304EF2CE85B45004CF92A /* Base */ = {isa = PBXFileReference; lastKnownFileType = file.storyboard; name = Base; path = Base.lproj/LaunchScreen.storyboard; sourceTree = "<group>"; };
		50F304F12CE85B45004CF92A /* Info.plist */ = {isa = PBXFileReference; lastKnownFileType = text.plist.xml; path = Info.plist; sourceTree = "<group>"; };
		50FA07A12CE8608D00586F91 /* HomeViewController.swift */ = {isa = PBXFileReference; lastKnownFileType = sourcecode.swift; path = HomeViewController.swift; sourceTree = "<group>"; };
		50FA07A52CE860BA00586F91 /* LoginViewController.swift */ = {isa = PBXFileReference; lastKnownFileType = sourcecode.swift; path = LoginViewController.swift; sourceTree = "<group>"; };
		50FA07A72CE860DC00586F91 /* LoginPresenter.swift */ = {isa = PBXFileReference; lastKnownFileType = sourcecode.swift; path = LoginPresenter.swift; sourceTree = "<group>"; };
		50FA07A92CE860E800586F91 /* LoginRouter.swift */ = {isa = PBXFileReference; lastKnownFileType = sourcecode.swift; path = LoginRouter.swift; sourceTree = "<group>"; };
		50FA07AB2CE860F600586F91 /* LoginConfiguration.swift */ = {isa = PBXFileReference; lastKnownFileType = sourcecode.swift; path = LoginConfiguration.swift; sourceTree = "<group>"; };
		50FA07AF2CE8614500586F91 /* MovieViewController.swift */ = {isa = PBXFileReference; lastKnownFileType = sourcecode.swift; path = MovieViewController.swift; sourceTree = "<group>"; };
		50FA07B12CE8615700586F91 /* HomePresenter.swift */ = {isa = PBXFileReference; lastKnownFileType = sourcecode.swift; path = HomePresenter.swift; sourceTree = "<group>"; };
		50FA07B32CE8616100586F91 /* HomeRouter.swift */ = {isa = PBXFileReference; lastKnownFileType = sourcecode.swift; path = HomeRouter.swift; sourceTree = "<group>"; };
		50FA07B52CE8616F00586F91 /* HomeConfiguration.swift */ = {isa = PBXFileReference; lastKnownFileType = sourcecode.swift; path = HomeConfiguration.swift; sourceTree = "<group>"; };
		50FA07B72CE8617F00586F91 /* MovieConfiguration.swift */ = {isa = PBXFileReference; lastKnownFileType = sourcecode.swift; path = MovieConfiguration.swift; sourceTree = "<group>"; };
		50FA07BB2CE8619E00586F91 /* MovieRouter.swift */ = {isa = PBXFileReference; lastKnownFileType = sourcecode.swift; path = MovieRouter.swift; sourceTree = "<group>"; };
		50FA07BD2CE861A800586F91 /* MoviePresenter.swift */ = {isa = PBXFileReference; lastKnownFileType = sourcecode.swift; path = MoviePresenter.swift; sourceTree = "<group>"; };
/* End PBXFileReference section */

/* Begin PBXFrameworksBuildPhase section */
		50F304DD2CE85B43004CF92A /* Frameworks */ = {
			isa = PBXFrameworksBuildPhase;
			buildActionMask = 2147483647;
			files = (
			);
			runOnlyForDeploymentPostprocessing = 0;
		};
/* End PBXFrameworksBuildPhase section */

/* Begin PBXGroup section */
		50F304D72CE85B43004CF92A = {
			isa = PBXGroup;
			children = (
				50F304E22CE85B43004CF92A /* Presentation */,
				50F304E12CE85B43004CF92A /* Products */,
			);
			sourceTree = "<group>";
		};
		50F304E12CE85B43004CF92A /* Products */ = {
			isa = PBXGroup;
			children = (
				50F304E02CE85B43004CF92A /* Presentation.app */,
			);
			name = Products;
			sourceTree = "<group>";
		};
		50F304E22CE85B43004CF92A /* Presentation */ = {
			isa = PBXGroup;
			children = (
				50FA079C2CE85F6000586F91 /* Scenes */,
				50F304E32CE85B43004CF92A /* AppDelegate.swift */,
				50F304E52CE85B43004CF92A /* SceneDelegate.swift */,
				50F304E72CE85B43004CF92A /* ViewController.swift */,
				50F304E92CE85B43004CF92A /* Main.storyboard */,
				50F304EC2CE85B45004CF92A /* Assets.xcassets */,
				50F304EE2CE85B45004CF92A /* LaunchScreen.storyboard */,
				50F304F12CE85B45004CF92A /* Info.plist */,
			);
			path = Presentation;
			sourceTree = "<group>";
		};
		50FA079C2CE85F6000586F91 /* Scenes */ = {
			isa = PBXGroup;
			children = (
				50FA07AD2CE8611700586F91 /* Movie */,
				50FA079E2CE85F7E00586F91 /* Home */,
				50FA079D2CE85F7300586F91 /* Login */,
			);
			path = Scenes;
			sourceTree = "<group>";
		};
		50FA079D2CE85F7300586F91 /* Login */ = {
			isa = PBXGroup;
			children = (
				50FA07A02CE85FA400586F91 /* Views */,
				50FA07A72CE860DC00586F91 /* LoginPresenter.swift */,
				50FA07A92CE860E800586F91 /* LoginRouter.swift */,
				50FA07AB2CE860F600586F91 /* LoginConfiguration.swift */,
			);
			path = Login;
			sourceTree = "<group>";
		};
		50FA079E2CE85F7E00586F91 /* Home */ = {
			isa = PBXGroup;
			children = (
				50FA079F2CE85F9C00586F91 /* Views */,
				50FA07B12CE8615700586F91 /* HomePresenter.swift */,
				50FA07B32CE8616100586F91 /* HomeRouter.swift */,
				50FA07B52CE8616F00586F91 /* HomeConfiguration.swift */,
			);
			path = Home;
			sourceTree = "<group>";
		};
		50FA079F2CE85F9C00586F91 /* Views */ = {
			isa = PBXGroup;
			children = (
				50FA07A12CE8608D00586F91 /* HomeViewController.swift */,
			);
			path = Views;
			sourceTree = "<group>";
		};
		50FA07A02CE85FA400586F91 /* Views */ = {
			isa = PBXGroup;
			children = (
				50FA07A52CE860BA00586F91 /* LoginViewController.swift */,
			);
			path = Views;
			sourceTree = "<group>";
		};
		50FA07AD2CE8611700586F91 /* Movie */ = {
			isa = PBXGroup;
			children = (
				50FA07AE2CE8612E00586F91 /* Views */,
				50FA07BD2CE861A800586F91 /* MoviePresenter.swift */,
				50FA07BB2CE8619E00586F91 /* MovieRouter.swift */,
				50FA07B72CE8617F00586F91 /* MovieConfiguration.swift */,
			);
			path = Movie;
			sourceTree = "<group>";
		};
		50FA07AE2CE8612E00586F91 /* Views */ = {
			isa = PBXGroup;
			children = (
				50FA07AF2CE8614500586F91 /* MovieViewController.swift */,
			);
			path = Views;
			sourceTree = "<group>";
		};
/* End PBXGroup section */

/* Begin PBXNativeTarget section */
		50F304DF2CE85B43004CF92A /* Presentation */ = {
			isa = PBXNativeTarget;
			buildConfigurationList = 50F304F42CE85B45004CF92A /* Build configuration list for PBXNativeTarget "Presentation" */;
			buildPhases = (
				50F304DC2CE85B43004CF92A /* Sources */,
				50F304DD2CE85B43004CF92A /* Frameworks */,
				50F304DE2CE85B43004CF92A /* Resources */,
			);
			buildRules = (
			);
			dependencies = (
			);
			name = Presentation;
			productName = Presentation;
			productReference = 50F304E02CE85B43004CF92A /* Presentation.app */;
			productType = "com.apple.product-type.application";
		};
/* End PBXNativeTarget section */

/* Begin PBXProject section */
		50F304D82CE85B43004CF92A /* Project object */ = {
			isa = PBXProject;
			attributes = {
				BuildIndependentTargetsInParallel = 1;
				LastSwiftUpdateCheck = 1540;
				LastUpgradeCheck = 1540;
				TargetAttributes = {
					50F304DF2CE85B43004CF92A = {
						CreatedOnToolsVersion = 15.4;
					};
				};
			};
			buildConfigurationList = 50F304DB2CE85B43004CF92A /* Build configuration list for PBXProject "Presentation" */;
			compatibilityVersion = "Xcode 14.0";
			developmentRegion = en;
			hasScannedForEncodings = 0;
			knownRegions = (
				en,
				Base,
			);
			mainGroup = 50F304D72CE85B43004CF92A;
			productRefGroup = 50F304E12CE85B43004CF92A /* Products */;
			projectDirPath = "";
			projectRoot = "";
			targets = (
				50F304DF2CE85B43004CF92A /* Presentation */,
			);
		};
/* End PBXProject section */

/* Begin PBXResourcesBuildPhase section */
		50F304DE2CE85B43004CF92A /* Resources */ = {
			isa = PBXResourcesBuildPhase;
			buildActionMask = 2147483647;
			files = (
				50F304ED2CE85B45004CF92A /* Assets.xcassets in Resources */,
				50F304F02CE85B45004CF92A /* Base in Resources */,
				50F304EB2CE85B43004CF92A /* Base in Resources */,
			);
			runOnlyForDeploymentPostprocessing = 0;
		};
/* End PBXResourcesBuildPhase section */

/* Begin PBXSourcesBuildPhase section */
		50F304DC2CE85B43004CF92A /* Sources */ = {
			isa = PBXSourcesBuildPhase;
			buildActionMask = 2147483647;
			files = (
				50FA07A62CE860BA00586F91 /* LoginViewController.swift in Sources */,
				50F304E82CE85B43004CF92A /* ViewController.swift in Sources */,
				50FA07AC2CE860F600586F91 /* LoginConfiguration.swift in Sources */,
				50FA07B22CE8615700586F91 /* HomePresenter.swift in Sources */,
				50FA07A82CE860DC00586F91 /* LoginPresenter.swift in Sources */,
				50F304E42CE85B43004CF92A /* AppDelegate.swift in Sources */,
				50FA07B02CE8614500586F91 /* MovieViewController.swift in Sources */,
				50F304E62CE85B43004CF92A /* SceneDelegate.swift in Sources */,
				50FA07AA2CE860E800586F91 /* LoginRouter.swift in Sources */,
				50FA07BC2CE8619E00586F91 /* MovieRouter.swift in Sources */,
				50FA07A22CE8608D00586F91 /* HomeViewController.swift in Sources */,
				50FA07B82CE8617F00586F91 /* MovieConfiguration.swift in Sources */,
				50FA07B42CE8616100586F91 /* HomeRouter.swift in Sources */,
				50FA07BE2CE861A800586F91 /* MoviePresenter.swift in Sources */,
				50FA07B62CE8616F00586F91 /* HomeConfiguration.swift in Sources */,
			);
			runOnlyForDeploymentPostprocessing = 0;
		};
/* End PBXSourcesBuildPhase section */

/* Begin PBXVariantGroup section */
		50F304E92CE85B43004CF92A /* Main.storyboard */ = {
			isa = PBXVariantGroup;
			children = (
				50F304EA2CE85B43004CF92A /* Base */,
			);
			name = Main.storyboard;
			sourceTree = "<group>";
		};
		50F304EE2CE85B45004CF92A /* LaunchScreen.storyboard */ = {
			isa = PBXVariantGroup;
			children = (
				50F304EF2CE85B45004CF92A /* Base */,
			);
			name = LaunchScreen.storyboard;
			sourceTree = "<group>";
		};
/* End PBXVariantGroup section */

/* Begin XCBuildConfiguration section */
		50F304F22CE85B45004CF92A /* Debug */ = {
			isa = XCBuildConfiguration;
			buildSettings = {
				ALWAYS_SEARCH_USER_PATHS = NO;
				ASSETCATALOG_COMPILER_GENERATE_SWIFT_ASSET_SYMBOL_EXTENSIONS = YES;
				CLANG_ANALYZER_NONNULL = YES;
				CLANG_ANALYZER_NUMBER_OBJECT_CONVERSION = YES_AGGRESSIVE;
				CLANG_CXX_LANGUAGE_STANDARD = "gnu++20";
				CLANG_ENABLE_MODULES = YES;
				CLANG_ENABLE_OBJC_ARC = YES;
				CLANG_ENABLE_OBJC_WEAK = YES;
				CLANG_WARN_BLOCK_CAPTURE_AUTORELEASING = YES;
				CLANG_WARN_BOOL_CONVERSION = YES;
				CLANG_WARN_COMMA = YES;
				CLANG_WARN_CONSTANT_CONVERSION = YES;
				CLANG_WARN_DEPRECATED_OBJC_IMPLEMENTATIONS = YES;
				CLANG_WARN_DIRECT_OBJC_ISA_USAGE = YES_ERROR;
				CLANG_WARN_DOCUMENTATION_COMMENTS = YES;
				CLANG_WARN_EMPTY_BODY = YES;
				CLANG_WARN_ENUM_CONVERSION = YES;
				CLANG_WARN_INFINITE_RECURSION = YES;
				CLANG_WARN_INT_CONVERSION = YES;
				CLANG_WARN_NON_LITERAL_NULL_CONVERSION = YES;
				CLANG_WARN_OBJC_IMPLICIT_RETAIN_SELF = YES;
				CLANG_WARN_OBJC_LITERAL_CONVERSION = YES;
				CLANG_WARN_OBJC_ROOT_CLASS = YES_ERROR;
				CLANG_WARN_QUOTED_INCLUDE_IN_FRAMEWORK_HEADER = YES;
				CLANG_WARN_RANGE_LOOP_ANALYSIS = YES;
				CLANG_WARN_STRICT_PROTOTYPES = YES;
				CLANG_WARN_SUSPICIOUS_MOVE = YES;
				CLANG_WARN_UNGUARDED_AVAILABILITY = YES_AGGRESSIVE;
				CLANG_WARN_UNREACHABLE_CODE = YES;
				CLANG_WARN__DUPLICATE_METHOD_MATCH = YES;
				COPY_PHASE_STRIP = NO;
				DEBUG_INFORMATION_FORMAT = dwarf;
				ENABLE_STRICT_OBJC_MSGSEND = YES;
				ENABLE_TESTABILITY = YES;
				ENABLE_USER_SCRIPT_SANDBOXING = YES;
				GCC_C_LANGUAGE_STANDARD = gnu17;
				GCC_DYNAMIC_NO_PIC = NO;
				GCC_NO_COMMON_BLOCKS = YES;
				GCC_OPTIMIZATION_LEVEL = 0;
				GCC_PREPROCESSOR_DEFINITIONS = (
					"DEBUG=1",
					"$(inherited)",
				);
				GCC_WARN_64_TO_32_BIT_CONVERSION = YES;
				GCC_WARN_ABOUT_RETURN_TYPE = YES_ERROR;
				GCC_WARN_UNDECLARED_SELECTOR = YES;
				GCC_WARN_UNINITIALIZED_AUTOS = YES_AGGRESSIVE;
				GCC_WARN_UNUSED_FUNCTION = YES;
				GCC_WARN_UNUSED_VARIABLE = YES;
				IPHONEOS_DEPLOYMENT_TARGET = 17.5;
				LOCALIZATION_PREFERS_STRING_CATALOGS = YES;
				MTL_ENABLE_DEBUG_INFO = INCLUDE_SOURCE;
				MTL_FAST_MATH = YES;
				ONLY_ACTIVE_ARCH = YES;
				SDKROOT = iphoneos;
				SWIFT_ACTIVE_COMPILATION_CONDITIONS = "DEBUG $(inherited)";
				SWIFT_OPTIMIZATION_LEVEL = "-Onone";
			};
			name = Debug;
		};
		50F304F32CE85B45004CF92A /* Release */ = {
			isa = XCBuildConfiguration;
			buildSettings = {
				ALWAYS_SEARCH_USER_PATHS = NO;
				ASSETCATALOG_COMPILER_GENERATE_SWIFT_ASSET_SYMBOL_EXTENSIONS = YES;
				CLANG_ANALYZER_NONNULL = YES;
				CLANG_ANALYZER_NUMBER_OBJECT_CONVERSION = YES_AGGRESSIVE;
				CLANG_CXX_LANGUAGE_STANDARD = "gnu++20";
				CLANG_ENABLE_MODULES = YES;
				CLANG_ENABLE_OBJC_ARC = YES;
				CLANG_ENABLE_OBJC_WEAK = YES;
				CLANG_WARN_BLOCK_CAPTURE_AUTORELEASING = YES;
				CLANG_WARN_BOOL_CONVERSION = YES;
				CLANG_WARN_COMMA = YES;
				CLANG_WARN_CONSTANT_CONVERSION = YES;
				CLANG_WARN_DEPRECATED_OBJC_IMPLEMENTATIONS = YES;
				CLANG_WARN_DIRECT_OBJC_ISA_USAGE = YES_ERROR;
				CLANG_WARN_DOCUMENTATION_COMMENTS = YES;
				CLANG_WARN_EMPTY_BODY = YES;
				CLANG_WARN_ENUM_CONVERSION = YES;
				CLANG_WARN_INFINITE_RECURSION = YES;
				CLANG_WARN_INT_CONVERSION = YES;
				CLANG_WARN_NON_LITERAL_NULL_CONVERSION = YES;
				CLANG_WARN_OBJC_IMPLICIT_RETAIN_SELF = YES;
				CLANG_WARN_OBJC_LITERAL_CONVERSION = YES;
				CLANG_WARN_OBJC_ROOT_CLASS = YES_ERROR;
				CLANG_WARN_QUOTED_INCLUDE_IN_FRAMEWORK_HEADER = YES;
				CLANG_WARN_RANGE_LOOP_ANALYSIS = YES;
				CLANG_WARN_STRICT_PROTOTYPES = YES;
				CLANG_WARN_SUSPICIOUS_MOVE = YES;
				CLANG_WARN_UNGUARDED_AVAILABILITY = YES_AGGRESSIVE;
				CLANG_WARN_UNREACHABLE_CODE = YES;
				CLANG_WARN__DUPLICATE_METHOD_MATCH = YES;
				COPY_PHASE_STRIP = NO;
				DEBUG_INFORMATION_FORMAT = "dwarf-with-dsym";
				ENABLE_NS_ASSERTIONS = NO;
				ENABLE_STRICT_OBJC_MSGSEND = YES;
				ENABLE_USER_SCRIPT_SANDBOXING = YES;
				GCC_C_LANGUAGE_STANDARD = gnu17;
				GCC_NO_COMMON_BLOCKS = YES;
				GCC_WARN_64_TO_32_BIT_CONVERSION = YES;
				GCC_WARN_ABOUT_RETURN_TYPE = YES_ERROR;
				GCC_WARN_UNDECLARED_SELECTOR = YES;
				GCC_WARN_UNINITIALIZED_AUTOS = YES_AGGRESSIVE;
				GCC_WARN_UNUSED_FUNCTION = YES;
				GCC_WARN_UNUSED_VARIABLE = YES;
				IPHONEOS_DEPLOYMENT_TARGET = 17.5;
				LOCALIZATION_PREFERS_STRING_CATALOGS = YES;
				MTL_ENABLE_DEBUG_INFO = NO;
				MTL_FAST_MATH = YES;
				SDKROOT = iphoneos;
				SWIFT_COMPILATION_MODE = wholemodule;
				VALIDATE_PRODUCT = YES;
			};
			name = Release;
		};
		50F304F52CE85B45004CF92A /* Debug */ = {
			isa = XCBuildConfiguration;
			buildSettings = {
				ASSETCATALOG_COMPILER_APPICON_NAME = AppIcon;
				ASSETCATALOG_COMPILER_GLOBAL_ACCENT_COLOR_NAME = AccentColor;
				CODE_SIGN_STYLE = Automatic;
				CURRENT_PROJECT_VERSION = 1;
				GENERATE_INFOPLIST_FILE = YES;
				INFOPLIST_FILE = Presentation/Info.plist;
				INFOPLIST_KEY_UIApplicationSupportsIndirectInputEvents = YES;
				INFOPLIST_KEY_UILaunchStoryboardName = LaunchScreen;
				INFOPLIST_KEY_UISupportedInterfaceOrientations_iPad = "UIInterfaceOrientationPortrait UIInterfaceOrientationPortraitUpsideDown UIInterfaceOrientationLandscapeLeft UIInterfaceOrientationLandscapeRight";
				INFOPLIST_KEY_UISupportedInterfaceOrientations_iPhone = "UIInterfaceOrientationPortrait UIInterfaceOrientationLandscapeLeft UIInterfaceOrientationLandscapeRight";
				LD_RUNPATH_SEARCH_PATHS = (
					"$(inherited)",
					"@executable_path/Frameworks",
				);
				MARKETING_VERSION = 1.0;
				PRODUCT_BUNDLE_IDENTIFIER = com.jcapasix.Presentation;
				PRODUCT_NAME = "$(TARGET_NAME)";
				SWIFT_EMIT_LOC_STRINGS = YES;
				SWIFT_VERSION = 5.0;
				TARGETED_DEVICE_FAMILY = "1,2";
			};
			name = Debug;
		};
		50F304F62CE85B45004CF92A /* Release */ = {
			isa = XCBuildConfiguration;
			buildSettings = {
				ASSETCATALOG_COMPILER_APPICON_NAME = AppIcon;
				ASSETCATALOG_COMPILER_GLOBAL_ACCENT_COLOR_NAME = AccentColor;
				CODE_SIGN_STYLE = Automatic;
				CURRENT_PROJECT_VERSION = 1;
				GENERATE_INFOPLIST_FILE = YES;
				INFOPLIST_FILE = Presentation/Info.plist;
				INFOPLIST_KEY_UIApplicationSupportsIndirectInputEvents = YES;
				INFOPLIST_KEY_UILaunchStoryboardName = LaunchScreen;
				INFOPLIST_KEY_UISupportedInterfaceOrientations_iPad = "UIInterfaceOrientationPortrait UIInterfaceOrientationPortraitUpsideDown UIInterfaceOrientationLandscapeLeft UIInterfaceOrientationLandscapeRight";
				INFOPLIST_KEY_UISupportedInterfaceOrientations_iPhone = "UIInterfaceOrientationPortrait UIInterfaceOrientationLandscapeLeft UIInterfaceOrientationLandscapeRight";
				LD_RUNPATH_SEARCH_PATHS = (
					"$(inherited)",
					"@executable_path/Frameworks",
				);
				MARKETING_VERSION = 1.0;
				PRODUCT_BUNDLE_IDENTIFIER = com.jcapasix.Presentation;
				PRODUCT_NAME = "$(TARGET_NAME)";
				SWIFT_EMIT_LOC_STRINGS = YES;
				SWIFT_VERSION = 5.0;
				TARGETED_DEVICE_FAMILY = "1,2";
			};
			name = Release;
		};
/* End XCBuildConfiguration section */

/* Begin XCConfigurationList section */
		50F304DB2CE85B43004CF92A /* Build configuration list for PBXProject "Presentation" */ = {
			isa = XCConfigurationList;
			buildConfigurations = (
				50F304F22CE85B45004CF92A /* Debug */,
				50F304F32CE85B45004CF92A /* Release */,
			);
			defaultConfigurationIsVisible = 0;
			defaultConfigurationName = Release;
		};
		50F304F42CE85B45004CF92A /* Build configuration list for PBXNativeTarget "Presentation" */ = {
			isa = XCConfigurationList;
			buildConfigurations = (
				50F304F52CE85B45004CF92A /* Debug */,
				50F304F62CE85B45004CF92A /* Release */,
			);
			defaultConfigurationIsVisible = 0;
			defaultConfigurationName = Release;
		};
/* End XCConfigurationList section */
	};
	rootObject = 50F304D82CE85B43004CF92A /* Project object */;
}
